# This file was autogenerated by uv via the following command:
#    uv pip compile --python-version 3.11 --index-strategy unsafe-best-match --extra rvc constraints.txt pyproject.toml -o rvc-requirements.lock
absl-py==2.5.0
    # via
    #   -r constraints.txt
    #   ml-collections
annotated-doc==0.0.5
    # via typer
anyio==4.14.2
    # via httpx
audio-separator==0.44.5
    # via -r constraints.txt
audioread==3.1.0
    # via
    #   -r constraints.txt
    #   librosa
av==18.1.0
    # via
    #   -r constraints.txt
    #   pymss
beartype==0.18.5
    # via
    #   -r constraints.txt
    #   audio-separator
certifi==2026.7.22
    # via
    #   -r constraints.txt
    #   httpcore
    #   httpx
    #   requests
cffi==2.1.1
    # via
    #   -r constraints.txt
    #   samplerate
    #   soundfile
charset-normalizer==3.5.1
    # via
    #   -r constraints.txt
    #   requests
click==8.4.2
    # via huggingface-hub
colorama==0.4.6
    # via
    #   -r constraints.txt
    #   click
    #   tqdm
    #   typer
cython==3.2.9
    # via
    #   -r constraints.txt
    #   diffq-fixed
decorator==5.3.1
    # via
    #   -r constraints.txt
    #   librosa
diffq-fixed==0.2.4
    # via
    #   -r constraints.txt
    #   audio-separator
dpcpp-cpp-rt==2026.0.0
    # via
    #   -r constraints.txt
    #   onemkl-sycl-blas
    #   onemkl-sycl-dft
    #   onemkl-sycl-lapack
    #   onemkl-sycl-rng
    #   onemkl-sycl-sparse
    #   torch
einops==0.8.2
    # via
    #   -r constraints.txt
    #   audio-separator
    #   hyper-connections
    #   local-attention
    #   rotary-embedding-torch
    #   torch-einops-utils
    #   torchfcpe
faiss-cpu==1.15.0
    # via songvoice (pyproject.toml)
filelock==3.32.3
    # via
    #   -r constraints.txt
    #   huggingface-hub
    #   torch
flatbuffers==25.12.19
    # via
    #   -r constraints.txt
    #   onnxruntime
fsspec==2026.7.0
    # via
    #   -r constraints.txt
    #   huggingface-hub
    #   torch
h11==0.16.0
    # via httpcore
hf-xet==1.6.0
    # via huggingface-hub
httpcore==1.0.9
    # via httpx
httpx==0.28.1
    # via huggingface-hub
huggingface-hub==1.28.0
    # via
    #   tokenizers
    #   transformers
hyper-connections==0.4.11
    # via
    #   -r constraints.txt
    #   local-attention
idna==3.18
    # via
    #   -r constraints.txt
    #   anyio
    #   httpx
    #   requests
intel-cmplr-lib-rt==2026.0.0
    # via
    #   -r constraints.txt
    #   intel-sycl-rt
    #   torch
intel-cmplr-lib-ur==2026.0.0
    # via
    #   -r constraints.txt
    #   intel-openmp
    #   intel-sycl-rt
    #   torch
intel-cmplr-lic-rt==2026.0.0
    # via
    #   -r constraints.txt
    #   intel-opencl-rt
    #   intel-sycl-rt
    #   torch
intel-opencl-rt==2026.0.0
    # via
    #   -r constraints.txt
    #   dpcpp-cpp-rt
    #   onemkl-sycl-blas
    #   onemkl-sycl-dft
    #   onemkl-sycl-lapack
    #   onemkl-sycl-rng
    #   onemkl-sycl-sparse
    #   torch
intel-openmp==2026.0.0
    # via
    #   -r constraints.txt
    #   dpcpp-cpp-rt
    #   mkl
    #   torch
intel-pti==0.17.0
    # via
    #   -r constraints.txt
    #   torch
intel-sycl-rt==2026.0.0
    # via
    #   -r constraints.txt
    #   dpcpp-cpp-rt
    #   torch
jinja2==3.1.6
    # via
    #   -r constraints.txt
    #   torch
joblib==1.5.3
    # via
    #   -r constraints.txt
    #   librosa
    #   scikit-learn
julius==0.2.8
    # via
    #   -r constraints.txt
    #   audio-separator
lazy-loader==0.5
    # via
    #   -r constraints.txt
    #   librosa
librosa==0.11.0
    # via
    #   -r constraints.txt
    #   audio-separator
    #   pymss
llvmlite==0.49.0
    # via
    #   -r constraints.txt
    #   numba
local-attention==1.11.2
    # via
    #   -r constraints.txt
    #   torchfcpe
markdown-it-py==4.2.0
    # via rich
markupsafe==3.0.3
    # via
    #   -r constraints.txt
    #   jinja2
mdurl==0.1.2
    # via markdown-it-py
mkl==2026.0.0
    # via
    #   -r constraints.txt
    #   onemkl-sycl-blas
    #   onemkl-sycl-dft
    #   onemkl-sycl-lapack
    #   onemkl-sycl-rng
    #   onemkl-sycl-sparse
    #   torch
ml-collections==1.1.0
    # via
    #   -r constraints.txt
    #   audio-separator
ml-dtypes==0.6.0
    # via
    #   -r constraints.txt
    #   onnx-weekly
mpmath==1.3.0
    # via
    #   -r constraints.txt
    #   sympy
msgpack==1.2.1
    # via
    #   -r constraints.txt
    #   librosa
narwhals==2.24.0
    # via
    #   -r constraints.txt
    #   scikit-learn
networkx==3.6.1
    # via
    #   -r constraints.txt
    #   torch
numba==0.67.0
    # via
    #   -r constraints.txt
    #   librosa
    #   resampy
numpy==2.4.6
    # via
    #   -r constraints.txt
    #   songvoice (pyproject.toml)
    #   audio-separator
    #   diffq-fixed
    #   faiss-cpu
    #   librosa
    #   ml-dtypes
    #   numba
    #   onnx-weekly
    #   onnx2torch-py313
    #   onnxruntime
    #   pyloudnorm
    #   pymss
    #   pymss-core
    #   resampy
    #   samplerate
    #   scikit-learn
    #   scipy
    #   soundfile
    #   soxr
    #   torchfcpe
    #   torchvision
    #   transformers
onemkl-license==2026.0.0
    # via
    #   -r constraints.txt
    #   mkl
    #   torch
onemkl-sycl-blas==2026.0.0
    # via
    #   -r constraints.txt
    #   onemkl-sycl-lapack
    #   onemkl-sycl-sparse
    #   torch
onemkl-sycl-dft==2026.0.0
    # via
    #   -r constraints.txt
    #   torch
onemkl-sycl-lapack==2026.0.0
    # via
    #   -r constraints.txt
    #   torch
onemkl-sycl-rng==2026.0.0
    # via
    #   -r constraints.txt
    #   torch
onemkl-sycl-sparse==2026.0.0
    # via
    #   -r constraints.txt
    #   torch
onnx-weekly==1.23.0.dev20260805
    # via
    #   -r constraints.txt
    #   audio-separator
    #   onnx2torch-py313
onnx2torch-py313==1.6.0
    # via
    #   -r constraints.txt
    #   audio-separator
onnxruntime==1.28.0
    # via -r constraints.txt
packaging==26.3
    # via
    #   -r constraints.txt
    #   faiss-cpu
    #   huggingface-hub
    #   lazy-loader
    #   onnxruntime
    #   pooch
    #   transformers
pillow==12.3.0
    # via
    #   -r constraints.txt
    #   torchvision
platformdirs==4.11.3
    # via
    #   -r constraints.txt
    #   songvoice (pyproject.toml)
    #   pooch
pooch==1.9.0
    # via
    #   -r constraints.txt
    #   librosa
protobuf==7.35.1
    # via
    #   -r constraints.txt
    #   onnx-weekly
    #   onnxruntime
pycparser==3.0
    # via
    #   -r constraints.txt
    #   cffi
pydub==0.25.1
    # via
    #   -r constraints.txt
    #   audio-separator
pyelftools==0.32
    # via
    #   -r constraints.txt
    #   triton-xpu
pygments==2.21.0
    # via rich
pyloudnorm==0.2.0
    # via -r constraints.txt
pymss==2.1.3
    # via -r constraints.txt
pymss-core==0.1.6
    # via
    #   -r constraints.txt
    #   pymss
python-stretch==0.3.1
    # via -r constraints.txt
pyyaml==6.0.3
    # via
    #   -r constraints.txt
    #   audio-separator
    #   huggingface-hub
    #   ml-collections
    #   pymss
    #   pymss-core
    #   transformers
regex==2026.7.19
    # via transformers
requests==2.34.2
    # via
    #   -r constraints.txt
    #   songvoice (pyproject.toml)
    #   audio-separator
    #   pooch
resampy==0.4.3
    # via
    #   -r constraints.txt
    #   audio-separator
rich==15.0.0
    # via
    #   songvoice (pyproject.toml)
    #   typer
rotary-embedding-torch==0.6.5
    # via
    #   -r constraints.txt
    #   audio-separator
safetensors==0.8.0
    # via transformers
samplerate==0.1.0
    # via
    #   -r constraints.txt
    #   audio-separator
scikit-learn==1.9.0
    # via
    #   -r constraints.txt
    #   librosa
scipy==1.17.1
    # via
    #   -r constraints.txt
    #   audio-separator
    #   librosa
    #   pyloudnorm
    #   scikit-learn
setuptools==78.1.0
    # via
    #   -r constraints.txt
    #   torch
shellingham==1.5.4
    # via typer
six==1.17.0
    # via
    #   -r constraints.txt
    #   audio-separator
soundfile==0.14.0
    # via
    #   -r constraints.txt
    #   audio-separator
    #   librosa
soxr==1.1.0
    # via
    #   -r constraints.txt
    #   librosa
sympy==1.14.0
    # via
    #   -r constraints.txt
    #   torch
tbb==2023.0.0
    # via
    #   -r constraints.txt
    #   intel-opencl-rt
    #   mkl
    #   torch
tcmlib==1.5.0
    # via
    #   -r constraints.txt
    #   tbb
    #   torch
    #   umf
threadpoolctl==3.6.0
    # via
    #   -r constraints.txt
    #   scikit-learn
tokenizers==0.22.2
    # via transformers
torch==2.13.0+xpu
    # via
    #   -r constraints.txt
    #   songvoice (pyproject.toml)
    #   audio-separator
    #   diffq-fixed
    #   hyper-connections
    #   julius
    #   local-attention
    #   onnx2torch-py313
    #   pymss
    #   pymss-core
    #   rotary-embedding-torch
    #   torch-einops-utils
    #   torchfcpe
    #   torchvision
torch-einops-utils==0.1.20
    # via
    #   -r constraints.txt
    #   hyper-connections
torchaudio==2.11.0+xpu
    # via
    #   -r constraints.txt
    #   torchfcpe
torchfcpe==0.0.4
    # via -r constraints.txt
torchvision==0.28.0+xpu
    # via
    #   -r constraints.txt
    #   onnx2torch-py313
tqdm==4.70.0
    # via
    #   -r constraints.txt
    #   audio-separator
    #   huggingface-hub
    #   pymss
    #   transformers
transformers==5.15.0
    # via songvoice (pyproject.toml)
triton-xpu==3.7.2
    # via
    #   -r constraints.txt
    #   torch
typer==0.27.1
    # via transformers
typing-extensions==4.16.0
    # via
    #   -r constraints.txt
    #   anyio
    #   huggingface-hub
    #   librosa
    #   onnx-weekly
    #   soundfile
    #   torch
umf==1.1.0
    # via
    #   -r constraints.txt
    #   intel-cmplr-lib-ur
    #   torch
urllib3==2.7.0
    # via
    #   -r constraints.txt
    #   requests
